
Microsoft Visual Studio Solution File, Format Version 12.00
# Visual Studio Version 17
VisualStudioVersion = 17.8.34511.84
MinimumVisualStudioVersion = 10.0.40219.1
Project("{9A19103F-16F7-4668-BE54-9A1E7A4F7556}") = "TollCalculator", "TollCalculator\TollCalculator.csproj", "{86D84A84-D0BE-4AEE-BAB8-5DFC3AD6320E}"
EndProject
Project("{FAE04EC0-301F-11D3-BF4B-00C04F79EFBC}") = "TollCalculator.UnitTests", "TollCalculator.UnitTests\TollCalculator.UnitTests.csproj", "{6BDA8965-C136-465E-BE34-A912EDA8D277}"
EndProject
Global
	GlobalSection(SolutionConfigurationPlatforms) = preSolution
		Debug|Any CPU = Debug|Any CPU
		Release|Any CPU = Release|Any CPU
	EndGlobalSection
	GlobalSection(ProjectConfigurationPlatforms) = postSolution
		{86D84A84-D0BE-4AEE-BAB8-5DFC3AD6320E}.Debug|Any CPU.ActiveCfg = Debug|Any CPU
		{86D84A84-D0BE-4AEE-BAB8-5DFC3AD6320E}.Debug|Any CPU.Build.0 = Debug|Any CPU
		{86D84A84-D0BE-4AEE-BAB8-5DFC3AD6320E}.Release|Any CPU.ActiveCfg = Release|Any CPU
		{86D84A84-D0BE-4AEE-BAB8-5DFC3AD6320E}.Release|Any CPU.Build.0 = Release|Any CPU
		{6BDA8965-C136-465E-BE34-A912EDA8D277}.Debug|Any CPU.ActiveCfg = Debug|Any CPU
		{6BDA8965-C136-465E-BE34-A912EDA8D277}.Debug|Any CPU.Build.0 = Debug|Any CPU
		{6BDA8965-C136-465E-BE34-A912EDA8D277}.Release|Any CPU.ActiveCfg = Release|Any CPU
		{6BDA8965-C136-465E-BE34-A912EDA8D277}.Release|Any CPU.Build.0 = Release|Any CPU
	EndGlobalSection
	GlobalSection(SolutionProperties) = preSolution
		HideSolutionNode = FALSE
	EndGlobalSection
	GlobalSection(ExtensibilityGlobals) = postSolution
		SolutionGuid = {367E0A44-4355-4769-B553-3A7B5F12089C}
	EndGlobalSection
EndGlobal
